<?xml version="1.0" encoding="utf-8"?>
<Project ToolsVersion="4.0" xmlns="http://schemas.microsoft.com/developer/msbuild/2003">
  <ItemGroup>
    <ClCompile Include="Testanimator.cpp" />
    <ClCompile Include="TestEvents.cpp" />
    <ClCompile Include="Macros\dllmain.cpp" />
    <ClCompile Include="MoreEventsClass.cpp" />
    <ClCompile Include="TestSwitches.cpp" />
    <ClCompile Include="PlayerTest.cpp" />
    <ClCompile Include="ReverbZone.cpp" />
  </ItemGroup>
  <ItemGroup>
    <ClInclude Include="Testanimator.h" />
    <ClInclude Include="TestEvents.h" />
    <ClInclude Include="Macros\AlienScripts.h" />
    <ClInclude Include="MoreEventsClass.h" />
    <ClInclude Include="TestSwitches.h" />
    <ClInclude Include="PlayerTest.h" />
    <ClInclude Include="ReverbZone.h" />
  </ItemGroup>
</Project>