<?xml version="1.0" encoding="utf-8"?>
<Project ToolsVersion="4.0" xmlns="http://schemas.microsoft.com/developer/msbuild/2003">
  <ItemGroup>
    <ClCompile Include="Macros\dllmain.cpp">
      <Filter>Core</Filter>
    </ClCompile>
    <ClCompile Include="aaa.cpp">
      <Filter>Core</Filter>
    </ClCompile>
  </ItemGroup>
  <ItemGroup>
    <ClInclude Include="Macros\AlienScripts.h">
      <Filter>Core</Filter>
    </ClInclude>
    <ClInclude Include="aaa.h">
      <Filter>Core</Filter>
    </ClInclude>
  </ItemGroup>
  <ItemGroup>
    <Filter Include="Core">
      <UniqueIdentifier>{c382f096-597d-453a-8b6b-a3f46765afe4}</UniqueIdentifier>
    </Filter>
  </ItemGroup>
</Project>